<Solution>
  <Project Path="InvAit/InvAit.csproj" Id="306abb42-dd0a-49db-a5ef-2165c3db35ea" />
  <Project Path="Shared/Shared.csproj" Id="ff91403a-28fa-4c7c-a5f7-3a3c92671570" />
  <Project Path="UIBlazor.Tests/UIBlazor.Tests.csproj" Id="7d8da161-93d8-47da-bd80-d061c4a5be3e" />
  <Project Path="UIBlazor/UIBlazor.csproj" />
</Solution>
